
Microsoft Visual Studio Solution File, Format Version 12.00
# Visual Studio Version 16
VisualStudioVersion = 16.0.29728.190
MinimumVisualStudioVersion = 10.0.40219.1
Project("{888888A0-9F3D-457C-B088-3A5042F75D52}") = "PythonChallenge-3", "PythonChallenge-3\PythonChallenge-3.pyproj", "{5226EBDD-AE99-4EE1-AC71-D223BE4161DB}"
EndProject
Global
	GlobalSection(SolutionConfigurationPlatforms) = preSolution
		Debug|Any CPU = Debug|Any CPU
		Release|Any CPU = Release|Any CPU
	EndGlobalSection
	GlobalSection(ProjectConfigurationPlatforms) = postSolution
		{5226EBDD-AE99-4EE1-AC71-D223BE4161DB}.Debug|Any CPU.ActiveCfg = Debug|Any CPU
		{5226EBDD-AE99-4EE1-AC71-D223BE4161DB}.Release|Any CPU.ActiveCfg = Release|Any CPU
	EndGlobalSection
	GlobalSection(SolutionProperties) = preSolution
		HideSolutionNode = FALSE
	EndGlobalSection
	GlobalSection(ExtensibilityGlobals) = postSolution
		SolutionGuid = {5E051EB3-89CB-40B2-AAB5-996E83A76D2D}
	EndGlobalSection
EndGlobal
